
Microsoft Visual Studio Solution File, Format Version 10.00
# Visual C++ Express 2008
Project("{8BC9CEB8-8B4A-11D0-8D11-00A0C91BC942}") = "ocl_tiny01", "ocl_tiny01\ocl_tiny01.vcproj", "{657ECB8E-C9B1-4974-8A75-94F2CF2E5ED3}"
EndProject
Global
	GlobalSection(SolutionConfigurationPlatforms) = preSolution
		Debug|Win32 = Debug|Win32
		Release|Win32 = Release|Win32
	EndGlobalSection
	GlobalSection(ProjectConfigurationPlatforms) = postSolution
		{657ECB8E-C9B1-4974-8A75-94F2CF2E5ED3}.Debug|Win32.ActiveCfg = Debug|Win32
		{657ECB8E-C9B1-4974-8A75-94F2CF2E5ED3}.Debug|Win32.Build.0 = Debug|Win32
		{657ECB8E-C9B1-4974-8A75-94F2CF2E5ED3}.Release|Win32.ActiveCfg = Release|Win32
		{657ECB8E-C9B1-4974-8A75-94F2CF2E5ED3}.Release|Win32.Build.0 = Release|Win32
	EndGlobalSection
	GlobalSection(SolutionProperties) = preSolution
		HideSolutionNode = FALSE
	EndGlobalSection
EndGlobal
