
Microsoft Visual Studio Solution File, Format Version 10.00
# Visual Studio 2008
Project("{8BC9CEB8-8B4A-11D0-8D11-00A0C91BC942}") = "ocl_tiny09", "ocl_tiny09\ocl_tiny09.vcproj", "{0BECB214-4495-44A1-8C7D-01776B9E2CF0}"
EndProject
Global
	GlobalSection(SolutionConfigurationPlatforms) = preSolution
		Debug|Win32 = Debug|Win32
		Release|Win32 = Release|Win32
	EndGlobalSection
	GlobalSection(ProjectConfigurationPlatforms) = postSolution
		{0BECB214-4495-44A1-8C7D-01776B9E2CF0}.Debug|Win32.ActiveCfg = Debug|Win32
		{0BECB214-4495-44A1-8C7D-01776B9E2CF0}.Debug|Win32.Build.0 = Debug|Win32
		{0BECB214-4495-44A1-8C7D-01776B9E2CF0}.Release|Win32.ActiveCfg = Release|Win32
		{0BECB214-4495-44A1-8C7D-01776B9E2CF0}.Release|Win32.Build.0 = Release|Win32
	EndGlobalSection
	GlobalSection(SolutionProperties) = preSolution
		HideSolutionNode = FALSE
	EndGlobalSection
EndGlobal
